
Microsoft Visual Studio Solution File, Format Version 12.00
# Visual Studio Version 16
VisualStudioVersion = 16.0.30320.27
MinimumVisualStudioVersion = 10.0.40219.1
Project("{FAE04EC0-301F-11D3-BF4B-00C04F79EFBC}") = "ZKRDataManager", "ZKRDataManager\ZKRDataManager.csproj", "{E72E1F14-47C9-45FE-986E-DBA21C848D17}"
EndProject
Project("{00D1A9C2-B5F0-4AF3-8072-F6C62B433612}") = "ZKRData", "ZKRData\ZKRData.sqlproj", "{0D43006E-CF6E-4D86-9132-5A2044E87BF5}"
EndProject
Project("{FAE04EC0-301F-11D3-BF4B-00C04F79EFBC}") = "ZKRDesktopUI", "ZKRDesktopUI\ZKRDesktopUI.csproj", "{B8DDF693-B026-4365-B4D1-8918D9AC77DA}"
EndProject
Project("{FAE04EC0-301F-11D3-BF4B-00C04F79EFBC}") = "ZKRDataManager.Library", "ZKRDataManager.Library\ZKRDataManager.Library.csproj", "{2F4771F9-D66F-4976-A67B-76C55149E58D}"
EndProject
Project("{FAE04EC0-301F-11D3-BF4B-00C04F79EFBC}") = "ZKRDesktopUI.Library", "ZKRDesktopUI.Library\ZKRDesktopUI.Library.csproj", "{43257D8A-09C1-446F-8064-82FCB0C745CB}"
EndProject
Global
	GlobalSection(SolutionConfigurationPlatforms) = preSolution
		Debug|Any CPU = Debug|Any CPU
		Release|Any CPU = Release|Any CPU
	EndGlobalSection
	GlobalSection(ProjectConfigurationPlatforms) = postSolution
		{E72E1F14-47C9-45FE-986E-DBA21C848D17}.Debug|Any CPU.ActiveCfg = Debug|Any CPU
		{E72E1F14-47C9-45FE-986E-DBA21C848D17}.Debug|Any CPU.Build.0 = Debug|Any CPU
		{E72E1F14-47C9-45FE-986E-DBA21C848D17}.Release|Any CPU.ActiveCfg = Release|Any CPU
		{E72E1F14-47C9-45FE-986E-DBA21C848D17}.Release|Any CPU.Build.0 = Release|Any CPU
		{0D43006E-CF6E-4D86-9132-5A2044E87BF5}.Debug|Any CPU.ActiveCfg = Debug|Any CPU
		{0D43006E-CF6E-4D86-9132-5A2044E87BF5}.Debug|Any CPU.Build.0 = Debug|Any CPU
		{0D43006E-CF6E-4D86-9132-5A2044E87BF5}.Debug|Any CPU.Deploy.0 = Debug|Any CPU
		{0D43006E-CF6E-4D86-9132-5A2044E87BF5}.Release|Any CPU.ActiveCfg = Release|Any CPU
		{0D43006E-CF6E-4D86-9132-5A2044E87BF5}.Release|Any CPU.Build.0 = Release|Any CPU
		{0D43006E-CF6E-4D86-9132-5A2044E87BF5}.Release|Any CPU.Deploy.0 = Release|Any CPU
		{B8DDF693-B026-4365-B4D1-8918D9AC77DA}.Debug|Any CPU.ActiveCfg = Debug|Any CPU
		{B8DDF693-B026-4365-B4D1-8918D9AC77DA}.Debug|Any CPU.Build.0 = Debug|Any CPU
		{B8DDF693-B026-4365-B4D1-8918D9AC77DA}.Release|Any CPU.ActiveCfg = Release|Any CPU
		{B8DDF693-B026-4365-B4D1-8918D9AC77DA}.Release|Any CPU.Build.0 = Release|Any CPU
		{2F4771F9-D66F-4976-A67B-76C55149E58D}.Debug|Any CPU.ActiveCfg = Debug|Any CPU
		{2F4771F9-D66F-4976-A67B-76C55149E58D}.Debug|Any CPU.Build.0 = Debug|Any CPU
		{2F4771F9-D66F-4976-A67B-76C55149E58D}.Release|Any CPU.ActiveCfg = Release|Any CPU
		{2F4771F9-D66F-4976-A67B-76C55149E58D}.Release|Any CPU.Build.0 = Release|Any CPU
		{43257D8A-09C1-446F-8064-82FCB0C745CB}.Debug|Any CPU.ActiveCfg = Debug|Any CPU
		{43257D8A-09C1-446F-8064-82FCB0C745CB}.Debug|Any CPU.Build.0 = Debug|Any CPU
		{43257D8A-09C1-446F-8064-82FCB0C745CB}.Release|Any CPU.ActiveCfg = Release|Any CPU
		{43257D8A-09C1-446F-8064-82FCB0C745CB}.Release|Any CPU.Build.0 = Release|Any CPU
	EndGlobalSection
	GlobalSection(SolutionProperties) = preSolution
		HideSolutionNode = FALSE
	EndGlobalSection
	GlobalSection(ExtensibilityGlobals) = postSolution
		SolutionGuid = {FA8A97E8-EFED-4014-B951-FF99C8F38DAD}
	EndGlobalSection
EndGlobal
